
Microsoft Visual Studio Solution File, Format Version 12.00
# Visual Studio Version 16
VisualStudioVersion = 16.0.30011.22
MinimumVisualStudioVersion = 10.0.40219.1
Project("{00D1A9C2-B5F0-4AF3-8072-F6C62B433612}") = "Database1", "Database1.sqlproj", "{28FBA14E-E979-4505-939E-DCC5708A5CC7}"
EndProject
Global
	GlobalSection(SolutionConfigurationPlatforms) = preSolution
		Debug|Any CPU = Debug|Any CPU
		Release|Any CPU = Release|Any CPU
	EndGlobalSection
	GlobalSection(ProjectConfigurationPlatforms) = postSolution
		{28FBA14E-E979-4505-939E-DCC5708A5CC7}.Debug|Any CPU.ActiveCfg = Debug|Any CPU
		{28FBA14E-E979-4505-939E-DCC5708A5CC7}.Debug|Any CPU.Build.0 = Debug|Any CPU
		{28FBA14E-E979-4505-939E-DCC5708A5CC7}.Debug|Any CPU.Deploy.0 = Debug|Any CPU
		{28FBA14E-E979-4505-939E-DCC5708A5CC7}.Release|Any CPU.ActiveCfg = Release|Any CPU
		{28FBA14E-E979-4505-939E-DCC5708A5CC7}.Release|Any CPU.Build.0 = Release|Any CPU
		{28FBA14E-E979-4505-939E-DCC5708A5CC7}.Release|Any CPU.Deploy.0 = Release|Any CPU
	EndGlobalSection
	GlobalSection(SolutionProperties) = preSolution
		HideSolutionNode = FALSE
	EndGlobalSection
	GlobalSection(ExtensibilityGlobals) = postSolution
		SolutionGuid = {5C321F83-59CD-47C0-9D76-FD4A2685742F}
	EndGlobalSection
EndGlobal
